
Microsoft Visual Studio Solution File, Format Version 12.00
# Visual Studio 15
VisualStudioVersion = 15.0.28307.136
MinimumVisualStudioVersion = 10.0.40219.1
Project("{2150E333-8FDC-42A3-9474-1A3956D46DE8}") = "1 - Servico", "1 - Servico", "{06B78E5B-644A-4403-AA34-A139931D820D}"
EndProject
Project("{2150E333-8FDC-42A3-9474-1A3956D46DE8}") = "2 - Estrutura", "2 - Estrutura", "{EDE1FAD0-1AF0-4F03-93AE-0824CC0B1D35}"
EndProject
Project("{2150E333-8FDC-42A3-9474-1A3956D46DE8}") = "3 - Teste", "3 - Teste", "{EE645AAA-5503-4759-B3E3-D484C123885B}"
EndProject
Project("{FAE04EC0-301F-11D3-BF4B-00C04F79EFBC}") = "Controle.Acoes.Portal", "Controle.Acoes.Portal\Controle.Acoes.Portal.csproj", "{2016014C-ED63-4D47-B4A2-72BB06E88A5B}"
EndProject
Project("{FAE04EC0-301F-11D3-BF4B-00C04F79EFBC}") = "Controle.Acoes.Portal.Idc.SimpleInjector", "Controle.Acoes.Portal.Idc.SimpleInjector\Controle.Acoes.Portal.Idc.SimpleInjector.csproj", "{E268C3F0-6FF0-45F3-A44E-9BE3E3B08D01}"
EndProject
Project("{FAE04EC0-301F-11D3-BF4B-00C04F79EFBC}") = "Controle.Acoes.Portal.ServicoExterno", "Controle.Acoes.Portal.ServicoExterno\Controle.Acoes.Portal.ServicoExterno.csproj", "{1427023E-E67D-4524-94F4-2B227A7AEA28}"
EndProject
Project("{FAE04EC0-301F-11D3-BF4B-00C04F79EFBC}") = "Controle.Acoes.Portal.Auxiliares", "Controle.Acoes.Portal.Auxiliares\Controle.Acoes.Portal.Auxiliares.csproj", "{DC9D8FF6-BE31-48FF-9A2A-CDE4B5835004}"
EndProject
Global
	GlobalSection(SolutionConfigurationPlatforms) = preSolution
		Debug|Any CPU = Debug|Any CPU
		Release|Any CPU = Release|Any CPU
	EndGlobalSection
	GlobalSection(ProjectConfigurationPlatforms) = postSolution
		{2016014C-ED63-4D47-B4A2-72BB06E88A5B}.Debug|Any CPU.ActiveCfg = Debug|Any CPU
		{2016014C-ED63-4D47-B4A2-72BB06E88A5B}.Debug|Any CPU.Build.0 = Debug|Any CPU
		{2016014C-ED63-4D47-B4A2-72BB06E88A5B}.Release|Any CPU.ActiveCfg = Release|Any CPU
		{2016014C-ED63-4D47-B4A2-72BB06E88A5B}.Release|Any CPU.Build.0 = Release|Any CPU
		{E268C3F0-6FF0-45F3-A44E-9BE3E3B08D01}.Debug|Any CPU.ActiveCfg = Debug|Any CPU
		{E268C3F0-6FF0-45F3-A44E-9BE3E3B08D01}.Debug|Any CPU.Build.0 = Debug|Any CPU
		{E268C3F0-6FF0-45F3-A44E-9BE3E3B08D01}.Release|Any CPU.ActiveCfg = Release|Any CPU
		{E268C3F0-6FF0-45F3-A44E-9BE3E3B08D01}.Release|Any CPU.Build.0 = Release|Any CPU
		{1427023E-E67D-4524-94F4-2B227A7AEA28}.Debug|Any CPU.ActiveCfg = Debug|Any CPU
		{1427023E-E67D-4524-94F4-2B227A7AEA28}.Debug|Any CPU.Build.0 = Debug|Any CPU
		{1427023E-E67D-4524-94F4-2B227A7AEA28}.Release|Any CPU.ActiveCfg = Release|Any CPU
		{1427023E-E67D-4524-94F4-2B227A7AEA28}.Release|Any CPU.Build.0 = Release|Any CPU
		{DC9D8FF6-BE31-48FF-9A2A-CDE4B5835004}.Debug|Any CPU.ActiveCfg = Debug|Any CPU
		{DC9D8FF6-BE31-48FF-9A2A-CDE4B5835004}.Debug|Any CPU.Build.0 = Debug|Any CPU
		{DC9D8FF6-BE31-48FF-9A2A-CDE4B5835004}.Release|Any CPU.ActiveCfg = Release|Any CPU
		{DC9D8FF6-BE31-48FF-9A2A-CDE4B5835004}.Release|Any CPU.Build.0 = Release|Any CPU
	EndGlobalSection
	GlobalSection(SolutionProperties) = preSolution
		HideSolutionNode = FALSE
	EndGlobalSection
	GlobalSection(NestedProjects) = preSolution
		{2016014C-ED63-4D47-B4A2-72BB06E88A5B} = {EDE1FAD0-1AF0-4F03-93AE-0824CC0B1D35}
		{E268C3F0-6FF0-45F3-A44E-9BE3E3B08D01} = {EDE1FAD0-1AF0-4F03-93AE-0824CC0B1D35}
		{1427023E-E67D-4524-94F4-2B227A7AEA28} = {EDE1FAD0-1AF0-4F03-93AE-0824CC0B1D35}
		{DC9D8FF6-BE31-48FF-9A2A-CDE4B5835004} = {EDE1FAD0-1AF0-4F03-93AE-0824CC0B1D35}
	EndGlobalSection
	GlobalSection(ExtensibilityGlobals) = postSolution
		SolutionGuid = {0D47708E-0CD7-409D-BA6B-6D3AF77A387E}
	EndGlobalSection
EndGlobal
